
Microsoft Visual Studio Solution File, Format Version 12.00
# Visual Studio Version 16
VisualStudioVersion = 16.6.30114.105
MinimumVisualStudioVersion = 10.0.40219.1
Project("{FAE04EC0-301F-11D3-BF4B-00C04F79EFBC}") = "CalenderPlanner.Client", "CalenderPlanner.Client\CalenderPlanner.Client.csproj", "{1CE55747-D799-43DB-BCBF-E37C29494E93}"
EndProject
Project("{FAE04EC0-301F-11D3-BF4B-00C04F79EFBC}") = "CalenderPlanner.Domain", "CalenderPlanner.Domain\CalenderPlanner.Domain.csproj", "{AE558628-54EE-4D49-90D5-A9E5CD6E9828}"
EndProject
Project("{FAE04EC0-301F-11D3-BF4B-00C04F79EFBC}") = "CalenderPlanner.Storing", "CalenderPlanner.Storing\CalenderPlanner.Storing.csproj", "{9D6328C1-8B28-459B-9D56-93AE9FF8CDD3}"
EndProject
Project("{FAE04EC0-301F-11D3-BF4B-00C04F79EFBC}") = "CalenderPlanner.Testing", "CalenderPlanner.Testing\CalenderPlanner.Testing.csproj", "{C3BBC6AF-791C-4F8D-8BB4-CDD1CD6C8D94}"
EndProject
Global
	GlobalSection(SolutionConfigurationPlatforms) = preSolution
		Debug|Any CPU = Debug|Any CPU
		Debug|x64 = Debug|x64
		Debug|x86 = Debug|x86
		Release|Any CPU = Release|Any CPU
		Release|x64 = Release|x64
		Release|x86 = Release|x86
	EndGlobalSection
	GlobalSection(SolutionProperties) = preSolution
		HideSolutionNode = FALSE
	EndGlobalSection
	GlobalSection(ProjectConfigurationPlatforms) = postSolution
		{1CE55747-D799-43DB-BCBF-E37C29494E93}.Debug|Any CPU.ActiveCfg = Debug|Any CPU
		{1CE55747-D799-43DB-BCBF-E37C29494E93}.Debug|Any CPU.Build.0 = Debug|Any CPU
		{1CE55747-D799-43DB-BCBF-E37C29494E93}.Debug|x64.ActiveCfg = Debug|Any CPU
		{1CE55747-D799-43DB-BCBF-E37C29494E93}.Debug|x64.Build.0 = Debug|Any CPU
		{1CE55747-D799-43DB-BCBF-E37C29494E93}.Debug|x86.ActiveCfg = Debug|Any CPU
		{1CE55747-D799-43DB-BCBF-E37C29494E93}.Debug|x86.Build.0 = Debug|Any CPU
		{1CE55747-D799-43DB-BCBF-E37C29494E93}.Release|Any CPU.ActiveCfg = Release|Any CPU
		{1CE55747-D799-43DB-BCBF-E37C29494E93}.Release|Any CPU.Build.0 = Release|Any CPU
		{1CE55747-D799-43DB-BCBF-E37C29494E93}.Release|x64.ActiveCfg = Release|Any CPU
		{1CE55747-D799-43DB-BCBF-E37C29494E93}.Release|x64.Build.0 = Release|Any CPU
		{1CE55747-D799-43DB-BCBF-E37C29494E93}.Release|x86.ActiveCfg = Release|Any CPU
		{1CE55747-D799-43DB-BCBF-E37C29494E93}.Release|x86.Build.0 = Release|Any CPU
		{AE558628-54EE-4D49-90D5-A9E5CD6E9828}.Debug|Any CPU.ActiveCfg = Debug|Any CPU
		{AE558628-54EE-4D49-90D5-A9E5CD6E9828}.Debug|Any CPU.Build.0 = Debug|Any CPU
		{AE558628-54EE-4D49-90D5-A9E5CD6E9828}.Debug|x64.ActiveCfg = Debug|Any CPU
		{AE558628-54EE-4D49-90D5-A9E5CD6E9828}.Debug|x64.Build.0 = Debug|Any CPU
		{AE558628-54EE-4D49-90D5-A9E5CD6E9828}.Debug|x86.ActiveCfg = Debug|Any CPU
		{AE558628-54EE-4D49-90D5-A9E5CD6E9828}.Debug|x86.Build.0 = Debug|Any CPU
		{AE558628-54EE-4D49-90D5-A9E5CD6E9828}.Release|Any CPU.ActiveCfg = Release|Any CPU
		{AE558628-54EE-4D49-90D5-A9E5CD6E9828}.Release|Any CPU.Build.0 = Release|Any CPU
		{AE558628-54EE-4D49-90D5-A9E5CD6E9828}.Release|x64.ActiveCfg = Release|Any CPU
		{AE558628-54EE-4D49-90D5-A9E5CD6E9828}.Release|x64.Build.0 = Release|Any CPU
		{AE558628-54EE-4D49-90D5-A9E5CD6E9828}.Release|x86.ActiveCfg = Release|Any CPU
		{AE558628-54EE-4D49-90D5-A9E5CD6E9828}.Release|x86.Build.0 = Release|Any CPU
		{9D6328C1-8B28-459B-9D56-93AE9FF8CDD3}.Debug|Any CPU.ActiveCfg = Debug|Any CPU
		{9D6328C1-8B28-459B-9D56-93AE9FF8CDD3}.Debug|Any CPU.Build.0 = Debug|Any CPU
		{9D6328C1-8B28-459B-9D56-93AE9FF8CDD3}.Debug|x64.ActiveCfg = Debug|Any CPU
		{9D6328C1-8B28-459B-9D56-93AE9FF8CDD3}.Debug|x64.Build.0 = Debug|Any CPU
		{9D6328C1-8B28-459B-9D56-93AE9FF8CDD3}.Debug|x86.ActiveCfg = Debug|Any CPU
		{9D6328C1-8B28-459B-9D56-93AE9FF8CDD3}.Debug|x86.Build.0 = Debug|Any CPU
		{9D6328C1-8B28-459B-9D56-93AE9FF8CDD3}.Release|Any CPU.ActiveCfg = Release|Any CPU
		{9D6328C1-8B28-459B-9D56-93AE9FF8CDD3}.Release|Any CPU.Build.0 = Release|Any CPU
		{9D6328C1-8B28-459B-9D56-93AE9FF8CDD3}.Release|x64.ActiveCfg = Release|Any CPU
		{9D6328C1-8B28-459B-9D56-93AE9FF8CDD3}.Release|x64.Build.0 = Release|Any CPU
		{9D6328C1-8B28-459B-9D56-93AE9FF8CDD3}.Release|x86.ActiveCfg = Release|Any CPU
		{9D6328C1-8B28-459B-9D56-93AE9FF8CDD3}.Release|x86.Build.0 = Release|Any CPU
		{C3BBC6AF-791C-4F8D-8BB4-CDD1CD6C8D94}.Debug|Any CPU.ActiveCfg = Debug|Any CPU
		{C3BBC6AF-791C-4F8D-8BB4-CDD1CD6C8D94}.Debug|Any CPU.Build.0 = Debug|Any CPU
		{C3BBC6AF-791C-4F8D-8BB4-CDD1CD6C8D94}.Debug|x64.ActiveCfg = Debug|Any CPU
		{C3BBC6AF-791C-4F8D-8BB4-CDD1CD6C8D94}.Debug|x64.Build.0 = Debug|Any CPU
		{C3BBC6AF-791C-4F8D-8BB4-CDD1CD6C8D94}.Debug|x86.ActiveCfg = Debug|Any CPU
		{C3BBC6AF-791C-4F8D-8BB4-CDD1CD6C8D94}.Debug|x86.Build.0 = Debug|Any CPU
		{C3BBC6AF-791C-4F8D-8BB4-CDD1CD6C8D94}.Release|Any CPU.ActiveCfg = Release|Any CPU
		{C3BBC6AF-791C-4F8D-8BB4-CDD1CD6C8D94}.Release|Any CPU.Build.0 = Release|Any CPU
		{C3BBC6AF-791C-4F8D-8BB4-CDD1CD6C8D94}.Release|x64.ActiveCfg = Release|Any CPU
		{C3BBC6AF-791C-4F8D-8BB4-CDD1CD6C8D94}.Release|x64.Build.0 = Release|Any CPU
		{C3BBC6AF-791C-4F8D-8BB4-CDD1CD6C8D94}.Release|x86.ActiveCfg = Release|Any CPU
		{C3BBC6AF-791C-4F8D-8BB4-CDD1CD6C8D94}.Release|x86.Build.0 = Release|Any CPU
	EndGlobalSection
EndGlobal
